Microsoft Visual Studio Solution File, Format Version 11.00
# Visual Studio 2008

Project("{D4D43BB7-AEE0-9E05-DDCD-722044FE2397}") = "Furniture_Sketch", "Assembly-CSharp-firstpass.csproj", "{433EFB3B-D1FD-30F6-2D12-C59E24158365}"
EndProject
Project("{D4D43BB7-AEE0-9E05-DDCD-722044FE2397}") = "Furniture_Sketch", "Assembly-CSharp.csproj", "{740843E8-E8E1-D92A-6633-E5892ABC1A90}"
EndProject
Project("{D4D43BB7-AEE0-9E05-DDCD-722044FE2397}") = "Furniture_Sketch", "Assembly-CSharp-Editor-firstpass.csproj", "{D3E7881C-D351-EBE4-8A7F-BCABF60DA1C0}"
EndProject
Project("{D4D43BB7-AEE0-9E05-DDCD-722044FE2397}") = "Furniture_Sketch", "Assembly-CSharp-Editor.csproj", "{A8C41971-9FA0-4BC0-43F0-EFBD7C40AE13}"
EndProject
Global
	GlobalSection(SolutionConfigurationPlatforms) = preSolution
		Debug|Any CPU = Debug|Any CPU
		Release|Any CPU = Release|Any CPU
	EndGlobalSection
	GlobalSection(ProjectConfigurationPlatforms) = postSolution
		{433EFB3B-D1FD-30F6-2D12-C59E24158365}.Debug|Any CPU.ActiveCfg = Debug|Any CPU
		{433EFB3B-D1FD-30F6-2D12-C59E24158365}.Debug|Any CPU.Build.0 = Debug|Any CPU
		{433EFB3B-D1FD-30F6-2D12-C59E24158365}.Release|Any CPU.ActiveCfg = Release|Any CPU
		{433EFB3B-D1FD-30F6-2D12-C59E24158365}.Release|Any CPU.Build.0 = Release|Any CPU
		{740843E8-E8E1-D92A-6633-E5892ABC1A90}.Debug|Any CPU.ActiveCfg = Debug|Any CPU
		{740843E8-E8E1-D92A-6633-E5892ABC1A90}.Debug|Any CPU.Build.0 = Debug|Any CPU
		{740843E8-E8E1-D92A-6633-E5892ABC1A90}.Release|Any CPU.ActiveCfg = Release|Any CPU
		{740843E8-E8E1-D92A-6633-E5892ABC1A90}.Release|Any CPU.Build.0 = Release|Any CPU
		{D3E7881C-D351-EBE4-8A7F-BCABF60DA1C0}.Debug|Any CPU.ActiveCfg = Debug|Any CPU
		{D3E7881C-D351-EBE4-8A7F-BCABF60DA1C0}.Debug|Any CPU.Build.0 = Debug|Any CPU
		{D3E7881C-D351-EBE4-8A7F-BCABF60DA1C0}.Release|Any CPU.ActiveCfg = Release|Any CPU
		{D3E7881C-D351-EBE4-8A7F-BCABF60DA1C0}.Release|Any CPU.Build.0 = Release|Any CPU
		{A8C41971-9FA0-4BC0-43F0-EFBD7C40AE13}.Debug|Any CPU.ActiveCfg = Debug|Any CPU
		{A8C41971-9FA0-4BC0-43F0-EFBD7C40AE13}.Debug|Any CPU.Build.0 = Debug|Any CPU
		{A8C41971-9FA0-4BC0-43F0-EFBD7C40AE13}.Release|Any CPU.ActiveCfg = Release|Any CPU
		{A8C41971-9FA0-4BC0-43F0-EFBD7C40AE13}.Release|Any CPU.Build.0 = Release|Any CPU
	EndGlobalSection
	GlobalSection(SolutionProperties) = preSolution
		HideSolutionNode = FALSE
	EndGlobalSection
										GlobalSection(MonoDevelopProperties) = preSolution
		StartupItem = Assembly-CSharp.csproj
		Policies = $0
		$0.TextStylePolicy = $1
		$1.inheritsSet = null
		$1.scope = text/x-csharp
		$0.CSharpFormattingPolicy = $2
		$2.inheritsSet = Mono
		$2.inheritsScope = text/x-csharp
		$2.scope = text/x-csharp
		$0.TextStylePolicy = $3
		$3.FileWidth = 120
		$3.TabWidth = 4
		$3.IndentWidth = 4
		$3.EolMarker = Unix
		$3.inheritsSet = Mono
		$3.inheritsScope = text/plain
		$3.scope = text/plain
	EndGlobalSection

EndGlobal
